
Microsoft Visual Studio Solution File, Format Version 12.00
# Visual Studio Version 17
VisualStudioVersion = 17.0.31903.59
MinimumVisualStudioVersion = 10.0.40219.1
Project("{9A19103F-16F7-4668-BE54-9A1E7A4F7556}") = "QuizComplete", "QuizComplete\QuizComplete.csproj", "{5AC41765-242A-4019-A07E-3B19CBC1708B}"
EndProject
Global
	GlobalSection(SolutionConfigurationPlatforms) = preSolution
		Debug|Any CPU = Debug|Any CPU
		Release|Any CPU = Release|Any CPU
	EndGlobalSection
	GlobalSection(ProjectConfigurationPlatforms) = postSolution
		{5AC41765-242A-4019-A07E-3B19CBC1708B}.Debug|Any CPU.ActiveCfg = Debug|Any CPU
		{5AC41765-242A-4019-A07E-3B19CBC1708B}.Debug|Any CPU.Build.0 = Debug|Any CPU
		{5AC41765-242A-4019-A07E-3B19CBC1708B}.Release|Any CPU.ActiveCfg = Release|Any CPU
		{5AC41765-242A-4019-A07E-3B19CBC1708B}.Release|Any CPU.Build.0 = Release|Any CPU
	EndGlobalSection
	GlobalSection(SolutionProperties) = preSolution
		HideSolutionNode = FALSE
	EndGlobalSection
	GlobalSection(ExtensibilityGlobals) = postSolution
		SolutionGuid = {94EE08E9-8B6E-40DA-B651-730E26903B80}
	EndGlobalSection
EndGlobal
